
Microsoft Visual Studio Solution File, Format Version 12.00
# Visual Studio 15
VisualStudioVersion = 15.0.28307.852
MinimumVisualStudioVersion = 10.0.40219.1
Project("{FAE04EC0-301F-11D3-BF4B-00C04F79EFBC}") = "Sec17_SalesWebMvc", "Sec17_SalesWebMvc\Sec17_SalesWebMvc.csproj", "{12381423-D743-412C-9946-A19A495A770B}"
EndProject
Global
	GlobalSection(SolutionConfigurationPlatforms) = preSolution
		Debug|Any CPU = Debug|Any CPU
		Release|Any CPU = Release|Any CPU
	EndGlobalSection
	GlobalSection(ProjectConfigurationPlatforms) = postSolution
		{12381423-D743-412C-9946-A19A495A770B}.Debug|Any CPU.ActiveCfg = Debug|Any CPU
		{12381423-D743-412C-9946-A19A495A770B}.Debug|Any CPU.Build.0 = Debug|Any CPU
		{12381423-D743-412C-9946-A19A495A770B}.Release|Any CPU.ActiveCfg = Release|Any CPU
		{12381423-D743-412C-9946-A19A495A770B}.Release|Any CPU.Build.0 = Release|Any CPU
	EndGlobalSection
	GlobalSection(SolutionProperties) = preSolution
		HideSolutionNode = FALSE
	EndGlobalSection
	GlobalSection(ExtensibilityGlobals) = postSolution
		SolutionGuid = {3D56CA34-2C54-4084-8D3A-317423C72A6B}
	EndGlobalSection
EndGlobal
